
Microsoft Visual Studio Solution File, Format Version 12.00
# Visual Studio Version 17
VisualStudioVersion = 17.0.32014.148
MinimumVisualStudioVersion = 10.0.40219.1
Project("{FAE04EC0-301F-11D3-BF4B-00C04F79EFBC}") = "SquadLottery", "SquadLottery\SquadLottery.csproj", "{4211F35C-E53A-46B1-802F-BA9EF3BDEBCD}"
EndProject
Global
	GlobalSection(SolutionConfigurationPlatforms) = preSolution
		Debug|Any CPU = Debug|Any CPU
		Release|Any CPU = Release|Any CPU
	EndGlobalSection
	GlobalSection(ProjectConfigurationPlatforms) = postSolution
		{4211F35C-E53A-46B1-802F-BA9EF3BDEBCD}.Debug|Any CPU.ActiveCfg = Debug|Any CPU
		{4211F35C-E53A-46B1-802F-BA9EF3BDEBCD}.Debug|Any CPU.Build.0 = Debug|Any CPU
		{4211F35C-E53A-46B1-802F-BA9EF3BDEBCD}.Release|Any CPU.ActiveCfg = Release|Any CPU
		{4211F35C-E53A-46B1-802F-BA9EF3BDEBCD}.Release|Any CPU.Build.0 = Release|Any CPU
	EndGlobalSection
	GlobalSection(SolutionProperties) = preSolution
		HideSolutionNode = FALSE
	EndGlobalSection
	GlobalSection(ExtensibilityGlobals) = postSolution
		SolutionGuid = {B4CB80E1-F347-434A-8D01-F0C0399CD216}
	EndGlobalSection
EndGlobal
